// !$*UTF8*$!
{
	archiveVersion = 1;
	classes = {
	};
	objectVersion = 55;
	objects = {

/* Begin PBXBuildFile section */
		04217EC429377AB600D18075 /* AppDelegate.swift in Sources */ = {isa = PBXBuildFile; fileRef = 04217EC329377AB600D18075 /* AppDelegate.swift */; };
		04217EC629377AB600D18075 /* SceneDelegate.swift in Sources */ = {isa = PBXBuildFile; fileRef = 04217EC529377AB600D18075 /* SceneDelegate.swift */; };
		04217EC829377AB600D18075 /* ViewController.swift in Sources */ = {isa = PBXBuildFile; fileRef = 04217EC729377AB600D18075 /* ViewController.swift */; };
		04217ECB29377AB600D18075 /* Main.storyboard in Resources */ = {isa = PBXBuildFile; fileRef = 04217EC929377AB600D18075 /* Main.storyboard */; };
		04217ECE29377AB600D18075 /* MovieApp.xcdatamodeld in Sources */ = {isa = PBXBuildFile; fileRef = 04217ECC29377AB600D18075 /* MovieApp.xcdatamodeld */; };
		04217ED029377AB700D18075 /* Assets.xcassets in Resources */ = {isa = PBXBuildFile; fileRef = 04217ECF29377AB700D18075 /* Assets.xcassets */; };
		04217ED329377AB700D18075 /* LaunchScreen.storyboard in Resources */ = {isa = PBXBuildFile; fileRef = 04217ED129377AB700D18075 /* LaunchScreen.storyboard */; };
		04217EDE29377AB700D18075 /* MovieAppTests.swift in Sources */ = {isa = PBXBuildFile; fileRef = 04217EDD29377AB700D18075 /* MovieAppTests.swift */; };
		04217EE829377AB700D18075 /* MovieAppUITests.swift in Sources */ = {isa = PBXBuildFile; fileRef = 04217EE729377AB700D18075 /* MovieAppUITests.swift */; };
		04217EEA29377AB700D18075 /* MovieAppUITestsLaunchTests.swift in Sources */ = {isa = PBXBuildFile; fileRef = 04217EE929377AB700D18075 /* MovieAppUITestsLaunchTests.swift */; };
		04217EF829377AB700D18075 /* DataTableViewCell.swift in Sources */ = {isa = PBXBuildFile; fileRef = 04217EF629377AB700D18075 /* DataTableViewCell.swift */; };
		04217EF929377AB700D18075 /* DataTableViewCell.xib in Resources */ = {isa = PBXBuildFile; fileRef = 04217EF729377AB700D18075 /* DataTableViewCell.xib */; };
		04217EFD29377AB700D18075 /* ModelClass.swift in Sources */ = {isa = PBXBuildFile; fileRef = 04217EFC29377AB700D18075 /* ModelClass.swift */; };
/* End PBXBuildFile section */

/* Begin PBXContainerItemProxy section */
		04217EDA29377AB700D18075 /* PBXContainerItemProxy */ = {
			isa = PBXContainerItemProxy;
			containerPortal = 04217EB829377AB600D18075 /* Project object */;
			proxyType = 1;
			remoteGlobalIDString = 04217EBF29377AB600D18075;
			remoteInfo = MovieApp;
		};
		04217EE429377AB700D18075 /* PBXContainerItemProxy */ = {
			isa = PBXContainerItemProxy;
			containerPortal = 04217EB829377AB600D18075 /* Project object */;
			proxyType = 1;
			remoteGlobalIDString = 04217EBF29377AB600D18075;
			remoteInfo = MovieApp;
		};
/* End PBXContainerItemProxy section */

/* Begin PBXFileReference section */
		04217EC029377AB600D18075 /* MovieApp.app */ = {isa = PBXFileReference; explicitFileType = wrapper.application; includeInIndex = 0; path = MovieApp.app; sourceTree = BUILT_PRODUCTS_DIR; };
		04217EC329377AB600D18075 /* AppDelegate.swift */ = {isa = PBXFileReference; lastKnownFileType = sourcecode.swift; path = AppDelegate.swift; sourceTree = "<group>"; };
		04217EC529377AB600D18075 /* SceneDelegate.swift */ = {isa = PBXFileReference; lastKnownFileType = sourcecode.swift; path = SceneDelegate.swift; sourceTree = "<group>"; };
		04217EC729377AB600D18075 /* ViewController.swift */ = {isa = PBXFileReference; lastKnownFileType = sourcecode.swift; path = ViewController.swift; sourceTree = "<group>"; };
		04217ECA29377AB600D18075 /* Base */ = {isa = PBXFileReference; lastKnownFileType = file.storyboard; name = Base; path = Base.lproj/Main.storyboard; sourceTree = "<group>"; };
		04217ECD29377AB600D18075 /* MovieApp.xcdatamodel */ = {isa = PBXFileReference; lastKnownFileType = wrapper.xcdatamodel; path = MovieApp.xcdatamodel; sourceTree = "<group>"; };
		04217ECF29377AB700D18075 /* Assets.xcassets */ = {isa = PBXFileReference; lastKnownFileType = folder.assetcatalog; path = Assets.xcassets; sourceTree = "<group>"; };
		04217ED229377AB700D18075 /* Base */ = {isa = PBXFileReference; lastKnownFileType = file.storyboard; name = Base; path = Base.lproj/LaunchScreen.storyboard; sourceTree = "<group>"; };
		04217ED429377AB700D18075 /* Info.plist */ = {isa = PBXFileReference; lastKnownFileType = text.plist.xml; path = Info.plist; sourceTree = "<group>"; };
		04217ED929377AB700D18075 /* MovieAppTests.xctest */ = {isa = PBXFileReference; explicitFileType = wrapper.cfbundle; includeInIndex = 0; path = MovieAppTests.xctest; sourceTree = BUILT_PRODUCTS_DIR; };
		04217EDD29377AB700D18075 /* MovieAppTests.swift */ = {isa = PBXFileReference; lastKnownFileType = sourcecode.swift; path = MovieAppTests.swift; sourceTree = "<group>"; };
		04217EE329377AB700D18075 /* MovieAppUITests.xctest */ = {isa = PBXFileReference; explicitFileType = wrapper.cfbundle; includeInIndex = 0; path = MovieAppUITests.xctest; sourceTree = BUILT_PRODUCTS_DIR; };
		04217EE729377AB700D18075 /* MovieAppUITests.swift */ = {isa = PBXFileReference; lastKnownFileType = sourcecode.swift; path = MovieAppUITests.swift; sourceTree = "<group>"; };
		04217EE929377AB700D18075 /* MovieAppUITestsLaunchTests.swift */ = {isa = PBXFileReference; lastKnownFileType = sourcecode.swift; path = MovieAppUITestsLaunchTests.swift; sourceTree = "<group>"; };
		04217EF629377AB700D18075 /* DataTableViewCell.swift */ = {isa = PBXFileReference; lastKnownFileType = sourcecode.swift; path = DataTableViewCell.swift; sourceTree = "<group>"; };
		04217EF729377AB700D18075 /* DataTableViewCell.xib */ = {isa = PBXFileReference; lastKnownFileType = file.xib; path = DataTableViewCell.xib; sourceTree = "<group>"; };
		04217EFC29377AB700D18075 /* ModelClass.swift */ = {isa = PBXFileReference; lastKnownFileType = sourcecode.swift; path = ModelClass.swift; sourceTree = "<group>"; };
/* End PBXFileReference section */

/* Begin PBXFrameworksBuildPhase section */
		04217EBD29377AB600D18075 /* Frameworks */ = {
			isa = PBXFrameworksBuildPhase;
			buildActionMask = 2147483647;
			files = (
			);
			runOnlyForDeploymentPostprocessing = 0;
		};
		04217ED629377AB700D18075 /* Frameworks */ = {
			isa = PBXFrameworksBuildPhase;
			buildActionMask = 2147483647;
			files = (
			);
			runOnlyForDeploymentPostprocessing = 0;
		};
		04217EE029377AB700D18075 /* Frameworks */ = {
			isa = PBXFrameworksBuildPhase;
			buildActionMask = 2147483647;
			files = (
			);
			runOnlyForDeploymentPostprocessing = 0;
		};
/* End PBXFrameworksBuildPhase section */

/* Begin PBXGroup section */
		04217EB729377AB600D18075 = {
			isa = PBXGroup;
			children = (
				04217EC229377AB600D18075 /* MovieApp */,
				04217EDC29377AB700D18075 /* MovieAppTests */,
				04217EE629377AB700D18075 /* MovieAppUITests */,
				04217EC129377AB600D18075 /* Products */,
			);
			sourceTree = "<group>";
		};
		04217EC129377AB600D18075 /* Products */ = {
			isa = PBXGroup;
			children = (
				04217EC029377AB600D18075 /* MovieApp.app */,
				04217ED929377AB700D18075 /* MovieAppTests.xctest */,
				04217EE329377AB700D18075 /* MovieAppUITests.xctest */,
			);
			name = Products;
			sourceTree = "<group>";
		};
		04217EC229377AB600D18075 /* MovieApp */ = {
			isa = PBXGroup;
			children = (
				04217EC329377AB600D18075 /* AppDelegate.swift */,
				04217EC529377AB600D18075 /* SceneDelegate.swift */,
				04217EC729377AB600D18075 /* ViewController.swift */,
				04217EF629377AB700D18075 /* DataTableViewCell.swift */,
				04217EF729377AB700D18075 /* DataTableViewCell.xib */,
				04217EFC29377AB700D18075 /* ModelClass.swift */,
				04217EC929377AB600D18075 /* Main.storyboard */,
				04217ECF29377AB700D18075 /* Assets.xcassets */,
				04217ED129377AB700D18075 /* LaunchScreen.storyboard */,
				04217ED429377AB700D18075 /* Info.plist */,
				04217ECC29377AB600D18075 /* MovieApp.xcdatamodeld */,
			);
			path = MovieApp;
			sourceTree = "<group>";
		};
		04217EDC29377AB700D18075 /* MovieAppTests */ = {
			isa = PBXGroup;
			children = (
				04217EDD29377AB700D18075 /* MovieAppTests.swift */,
			);
			path = MovieAppTests;
			sourceTree = "<group>";
		};
		04217EE629377AB700D18075 /* MovieAppUITests */ = {
			isa = PBXGroup;
			children = (
				04217EE729377AB700D18075 /* MovieAppUITests.swift */,
				04217EE929377AB700D18075 /* MovieAppUITestsLaunchTests.swift */,
			);
			path = MovieAppUITests;
			sourceTree = "<group>";
		};
/* End PBXGroup section */

/* Begin PBXNativeTarget section */
		04217EBF29377AB600D18075 /* MovieApp */ = {
			isa = PBXNativeTarget;
			buildConfigurationList = 04217EED29377AB700D18075 /* Build configuration list for PBXNativeTarget "MovieApp" */;
			buildPhases = (
				04217EBC29377AB600D18075 /* Sources */,
				04217EBD29377AB600D18075 /* Frameworks */,
				04217EBE29377AB600D18075 /* Resources */,
			);
			buildRules = (
			);
			dependencies = (
			);
			name = MovieApp;
			productName = MovieApp;
			productReference = 04217EC029377AB600D18075 /* MovieApp.app */;
			productType = "com.apple.product-type.application";
		};
		04217ED829377AB700D18075 /* MovieAppTests */ = {
			isa = PBXNativeTarget;
			buildConfigurationList = 04217EF029377AB700D18075 /* Build configuration list for PBXNativeTarget "MovieAppTests" */;
			buildPhases = (
				04217ED529377AB700D18075 /* Sources */,
				04217ED629377AB700D18075 /* Frameworks */,
				04217ED729377AB700D18075 /* Resources */,
			);
			buildRules = (
			);
			dependencies = (
				04217EDB29377AB700D18075 /* PBXTargetDependency */,
			);
			name = MovieAppTests;
			productName = MovieAppTests;
			productReference = 04217ED929377AB700D18075 /* MovieAppTests.xctest */;
			productType = "com.apple.product-type.bundle.unit-test";
		};
		04217EE229377AB700D18075 /* MovieAppUITests */ = {
			isa = PBXNativeTarget;
			buildConfigurationList = 04217EF329377AB700D18075 /* Build configuration list for PBXNativeTarget "MovieAppUITests" */;
			buildPhases = (
				04217EDF29377AB700D18075 /* Sources */,
				04217EE029377AB700D18075 /* Frameworks */,
				04217EE129377AB700D18075 /* Resources */,
			);
			buildRules = (
			);
			dependencies = (
				04217EE529377AB700D18075 /* PBXTargetDependency */,
			);
			name = MovieAppUITests;
			productName = MovieAppUITests;
			productReference = 04217EE329377AB700D18075 /* MovieAppUITests.xctest */;
			productType = "com.apple.product-type.bundle.ui-testing";
		};
/* End PBXNativeTarget section */

/* Begin PBXProject section */
		04217EB829377AB600D18075 /* Project object */ = {
			isa = PBXProject;
			attributes = {
				BuildIndependentTargetsInParallel = 1;
				LastSwiftUpdateCheck = 1320;
				LastUpgradeCheck = 1320;
				TargetAttributes = {
					04217EBF29377AB600D18075 = {
						CreatedOnToolsVersion = 13.2.1;
					};
					04217ED829377AB700D18075 = {
						CreatedOnToolsVersion = 13.2.1;
						TestTargetID = 04217EBF29377AB600D18075;
					};
					04217EE229377AB700D18075 = {
						CreatedOnToolsVersion = 13.2.1;
						TestTargetID = 04217EBF29377AB600D18075;
					};
				};
			};
			buildConfigurationList = 04217EBB29377AB600D18075 /* Build configuration list for PBXProject "MovieApp" */;
			compatibilityVersion = "Xcode 13.0";
			developmentRegion = en;
			hasScannedForEncodings = 0;
			knownRegions = (
				en,
				Base,
			);
			mainGroup = 04217EB729377AB600D18075;
			productRefGroup = 04217EC129377AB600D18075 /* Products */;
			projectDirPath = "";
			projectRoot = "";
			targets = (
				04217EBF29377AB600D18075 /* MovieApp */,
				04217ED829377AB700D18075 /* MovieAppTests */,
				04217EE229377AB700D18075 /* MovieAppUITests */,
			);
		};
/* End PBXProject section */

/* Begin PBXResourcesBuildPhase section */
		04217EBE29377AB600D18075 /* Resources */ = {
			isa = PBXResourcesBuildPhase;
			buildActionMask = 2147483647;
			files = (
				04217ED329377AB700D18075 /* LaunchScreen.storyboard in Resources */,
				04217ED029377AB700D18075 /* Assets.xcassets in Resources */,
				04217ECB29377AB600D18075 /* Main.storyboard in Resources */,
				04217EF929377AB700D18075 /* DataTableViewCell.xib in Resources */,
			);
			runOnlyForDeploymentPostprocessing = 0;
		};
		04217ED729377AB700D18075 /* Resources */ = {
			isa = PBXResourcesBuildPhase;
			buildActionMask = 2147483647;
			files = (
			);
			runOnlyForDeploymentPostprocessing = 0;
		};
		04217EE129377AB700D18075 /* Resources */ = {
			isa = PBXResourcesBuildPhase;
			buildActionMask = 2147483647;
			files = (
			);
			runOnlyForDeploymentPostprocessing = 0;
		};
/* End PBXResourcesBuildPhase section */

/* Begin PBXSourcesBuildPhase section */
		04217EBC29377AB600D18075 /* Sources */ = {
			isa = PBXSourcesBuildPhase;
			buildActionMask = 2147483647;
			files = (
				04217EC829377AB600D18075 /* ViewController.swift in Sources */,
				04217EC429377AB600D18075 /* AppDelegate.swift in Sources */,
				04217EF829377AB700D18075 /* DataTableViewCell.swift in Sources */,
				04217ECE29377AB600D18075 /* MovieApp.xcdatamodeld in Sources */,
				04217EFD29377AB700D18075 /* ModelClass.swift in Sources */,
				04217EC629377AB600D18075 /* SceneDelegate.swift in Sources */,
			);
			runOnlyForDeploymentPostprocessing = 0;
		};
		04217ED529377AB700D18075 /* Sources */ = {
			isa = PBXSourcesBuildPhase;
			buildActionMask = 2147483647;
			files = (
				04217EDE29377AB700D18075 /* MovieAppTests.swift in Sources */,
			);
			runOnlyForDeploymentPostprocessing = 0;
		};
		04217EDF29377AB700D18075 /* Sources */ = {
			isa = PBXSourcesBuildPhase;
			buildActionMask = 2147483647;
			files = (
				04217EEA29377AB700D18075 /* MovieAppUITestsLaunchTests.swift in Sources */,
				04217EE829377AB700D18075 /* MovieAppUITests.swift in Sources */,
			);
			runOnlyForDeploymentPostprocessing = 0;
		};
/* End PBXSourcesBuildPhase section */

/* Begin PBXTargetDependency section */
		04217EDB29377AB700D18075 /* PBXTargetDependency */ = {
			isa = PBXTargetDependency;
			target = 04217EBF29377AB600D18075 /* MovieApp */;
			targetProxy = 04217EDA29377AB700D18075 /* PBXContainerItemProxy */;
		};
		04217EE529377AB700D18075 /* PBXTargetDependency */ = {
			isa = PBXTargetDependency;
			target = 04217EBF29377AB600D18075 /* MovieApp */;
			targetProxy = 04217EE429377AB700D18075 /* PBXContainerItemProxy */;
		};
/* End PBXTargetDependency section */

/* Begin PBXVariantGroup section */
		04217EC929377AB600D18075 /* Main.storyboard */ = {
			isa = PBXVariantGroup;
			children = (
				04217ECA29377AB600D18075 /* Base */,
			);
			name = Main.storyboard;
			sourceTree = "<group>";
		};
		04217ED129377AB700D18075 /* LaunchScreen.storyboard */ = {
			isa = PBXVariantGroup;
			children = (
				04217ED229377AB700D18075 /* Base */,
			);
			name = LaunchScreen.storyboard;
			sourceTree = "<group>";
		};
/* End PBXVariantGroup section */

/* Begin XCBuildConfiguration section */
		04217EEB29377AB700D18075 /* Debug */ = {
			isa = XCBuildConfiguration;
			buildSettings = {
				ALWAYS_SEARCH_USER_PATHS = NO;
				CLANG_ANALYZER_NONNULL = YES;
				CLANG_ANALYZER_NUMBER_OBJECT_CONVERSION = YES_AGGRESSIVE;
				CLANG_CXX_LANGUAGE_STANDARD = "gnu++17";
				CLANG_CXX_LIBRARY = "libc++";
				CLANG_ENABLE_MODULES = YES;
				CLANG_ENABLE_OBJC_ARC = YES;
				CLANG_ENABLE_OBJC_WEAK = YES;
				CLANG_WARN_BLOCK_CAPTURE_AUTORELEASING = YES;
				CLANG_WARN_BOOL_CONVERSION = YES;
				CLANG_WARN_COMMA = YES;
				CLANG_WARN_CONSTANT_CONVERSION = YES;
				CLANG_WARN_DEPRECATED_OBJC_IMPLEMENTATIONS = YES;
				CLANG_WARN_DIRECT_OBJC_ISA_USAGE = YES_ERROR;
				CLANG_WARN_DOCUMENTATION_COMMENTS = YES;
				CLANG_WARN_EMPTY_BODY = YES;
				CLANG_WARN_ENUM_CONVERSION = YES;
				CLANG_WARN_INFINITE_RECURSION = YES;
				CLANG_WARN_INT_CONVERSION = YES;
				CLANG_WARN_NON_LITERAL_NULL_CONVERSION = YES;
				CLANG_WARN_OBJC_IMPLICIT_RETAIN_SELF = YES;
				CLANG_WARN_OBJC_LITERAL_CONVERSION = YES;
				CLANG_WARN_OBJC_ROOT_CLASS = YES_ERROR;
				CLANG_WARN_QUOTED_INCLUDE_IN_FRAMEWORK_HEADER = YES;
				CLANG_WARN_RANGE_LOOP_ANALYSIS = YES;
				CLANG_WARN_STRICT_PROTOTYPES = YES;
				CLANG_WARN_SUSPICIOUS_MOVE = YES;
				CLANG_WARN_UNGUARDED_AVAILABILITY = YES_AGGRESSIVE;
				CLANG_WARN_UNREACHABLE_CODE = YES;
				CLANG_WARN__DUPLICATE_METHOD_MATCH = YES;
				COPY_PHASE_STRIP = NO;
				DEBUG_INFORMATION_FORMAT = dwarf;
				ENABLE_STRICT_OBJC_MSGSEND = YES;
				ENABLE_TESTABILITY = YES;
				GCC_C_LANGUAGE_STANDARD = gnu11;
				GCC_DYNAMIC_NO_PIC = NO;
				GCC_NO_COMMON_BLOCKS = YES;
				GCC_OPTIMIZATION_LEVEL = 0;
				GCC_PREPROCESSOR_DEFINITIONS = (
					"DEBUG=1",
					"$(inherited)",
				);
				GCC_WARN_64_TO_32_BIT_CONVERSION = YES;
				GCC_WARN_ABOUT_RETURN_TYPE = YES_ERROR;
				GCC_WARN_UNDECLARED_SELECTOR = YES;
				GCC_WARN_UNINITIALIZED_AUTOS = YES_AGGRESSIVE;
				GCC_WARN_UNUSED_FUNCTION = YES;
				GCC_WARN_UNUSED_VARIABLE = YES;
				IPHONEOS_DEPLOYMENT_TARGET = 15.2;
				MTL_ENABLE_DEBUG_INFO = INCLUDE_SOURCE;
				MTL_FAST_MATH = YES;
				ONLY_ACTIVE_ARCH = YES;
				SDKROOT = iphoneos;
				SWIFT_ACTIVE_COMPILATION_CONDITIONS = DEBUG;
				SWIFT_OPTIMIZATION_LEVEL = "-Onone";
			};
			name = Debug;
		};
		04217EEC29377AB700D18075 /* Release */ = {
			isa = XCBuildConfiguration;
			buildSettings = {
				ALWAYS_SEARCH_USER_PATHS = NO;
				CLANG_ANALYZER_NONNULL = YES;
				CLANG_ANALYZER_NUMBER_OBJECT_CONVERSION = YES_AGGRESSIVE;
				CLANG_CXX_LANGUAGE_STANDARD = "gnu++17";
				CLANG_CXX_LIBRARY = "libc++";
				CLANG_ENABLE_MODULES = YES;
				CLANG_ENABLE_OBJC_ARC = YES;
				CLANG_ENABLE_OBJC_WEAK = YES;
				CLANG_WARN_BLOCK_CAPTURE_AUTORELEASING = YES;
				CLANG_WARN_BOOL_CONVERSION = YES;
				CLANG_WARN_COMMA = YES;
				CLANG_WARN_CONSTANT_CONVERSION = YES;
				CLANG_WARN_DEPRECATED_OBJC_IMPLEMENTATIONS = YES;
				CLANG_WARN_DIRECT_OBJC_ISA_USAGE = YES_ERROR;
				CLANG_WARN_DOCUMENTATION_COMMENTS = YES;
				CLANG_WARN_EMPTY_BODY = YES;
				CLANG_WARN_ENUM_CONVERSION = YES;
				CLANG_WARN_INFINITE_RECURSION = YES;
				CLANG_WARN_INT_CONVERSION = YES;
				CLANG_WARN_NON_LITERAL_NULL_CONVERSION = YES;
				CLANG_WARN_OBJC_IMPLICIT_RETAIN_SELF = YES;
				CLANG_WARN_OBJC_LITERAL_CONVERSION = YES;
				CLANG_WARN_OBJC_ROOT_CLASS = YES_ERROR;
				CLANG_WARN_QUOTED_INCLUDE_IN_FRAMEWORK_HEADER = YES;
				CLANG_WARN_RANGE_LOOP_ANALYSIS = YES;
				CLANG_WARN_STRICT_PROTOTYPES = YES;
				CLANG_WARN_SUSPICIOUS_MOVE = YES;
				CLANG_WARN_UNGUARDED_AVAILABILITY = YES_AGGRESSIVE;
				CLANG_WARN_UNREACHABLE_CODE = YES;
				CLANG_WARN__DUPLICATE_METHOD_MATCH = YES;
				COPY_PHASE_STRIP = NO;
				DEBUG_INFORMATION_FORMAT = "dwarf-with-dsym";
				ENABLE_NS_ASSERTIONS = NO;
				ENABLE_STRICT_OBJC_MSGSEND = YES;
				GCC_C_LANGUAGE_STANDARD = gnu11;
				GCC_NO_COMMON_BLOCKS = YES;
				GCC_WARN_64_TO_32_BIT_CONVERSION = YES;
				GCC_WARN_ABOUT_RETURN_TYPE = YES_ERROR;
				GCC_WARN_UNDECLARED_SELECTOR = YES;
				GCC_WARN_UNINITIALIZED_AUTOS = YES_AGGRESSIVE;
				GCC_WARN_UNUSED_FUNCTION = YES;
				GCC_WARN_UNUSED_VARIABLE = YES;
				IPHONEOS_DEPLOYMENT_TARGET = 15.2;
				MTL_ENABLE_DEBUG_INFO = NO;
				MTL_FAST_MATH = YES;
				SDKROOT = iphoneos;
				SWIFT_COMPILATION_MODE = wholemodule;
				SWIFT_OPTIMIZATION_LEVEL = "-O";
				VALIDATE_PRODUCT = YES;
			};
			name = Release;
		};
		04217EEE29377AB700D18075 /* Debug */ = {
			isa = XCBuildConfiguration;
			buildSettings = {
				ASSETCATALOG_COMPILER_APPICON_NAME = AppIcon;
				ASSETCATALOG_COMPILER_GLOBAL_ACCENT_COLOR_NAME = AccentColor;
				CODE_SIGN_STYLE = Automatic;
				CURRENT_PROJECT_VERSION = 1;
				GENERATE_INFOPLIST_FILE = YES;
				INFOPLIST_FILE = MovieApp/Info.plist;
				INFOPLIST_KEY_UIApplicationSupportsIndirectInputEvents = YES;
				INFOPLIST_KEY_UILaunchStoryboardName = LaunchScreen;
				INFOPLIST_KEY_UIMainStoryboardFile = Main;
				INFOPLIST_KEY_UISupportedInterfaceOrientations_iPad = "UIInterfaceOrientationPortrait UIInterfaceOrientationPortraitUpsideDown UIInterfaceOrientationLandscapeLeft UIInterfaceOrientationLandscapeRight";
				INFOPLIST_KEY_UISupportedInterfaceOrientations_iPhone = "UIInterfaceOrientationPortrait UIInterfaceOrientationLandscapeLeft UIInterfaceOrientationLandscapeRight";
				LD_RUNPATH_SEARCH_PATHS = (
					"$(inherited)",
					"@executable_path/Frameworks",
				);
				MARKETING_VERSION = 1.0;
				PRODUCT_BUNDLE_IDENTIFIER = com.shweta.MovieApp;
				PRODUCT_NAME = "$(TARGET_NAME)";
				SWIFT_EMIT_LOC_STRINGS = YES;
				SWIFT_VERSION = 5.0;
				TARGETED_DEVICE_FAMILY = "1,2";
			};
			name = Debug;
		};
		04217EEF29377AB700D18075 /* Release */ = {
			isa = XCBuildConfiguration;
			buildSettings = {
				ASSETCATALOG_COMPILER_APPICON_NAME = AppIcon;
				ASSETCATALOG_COMPILER_GLOBAL_ACCENT_COLOR_NAME = AccentColor;
				CODE_SIGN_STYLE = Automatic;
				CURRENT_PROJECT_VERSION = 1;
				GENERATE_INFOPLIST_FILE = YES;
				INFOPLIST_FILE = MovieApp/Info.plist;
				INFOPLIST_KEY_UIApplicationSupportsIndirectInputEvents = YES;
				INFOPLIST_KEY_UILaunchStoryboardName = LaunchScreen;
				INFOPLIST_KEY_UIMainStoryboardFile = Main;
				INFOPLIST_KEY_UISupportedInterfaceOrientations_iPad = "UIInterfaceOrientationPortrait UIInterfaceOrientationPortraitUpsideDown UIInterfaceOrientationLandscapeLeft UIInterfaceOrientationLandscapeRight";
				INFOPLIST_KEY_UISupportedInterfaceOrientations_iPhone = "UIInterfaceOrientationPortrait UIInterfaceOrientationLandscapeLeft UIInterfaceOrientationLandscapeRight";
				LD_RUNPATH_SEARCH_PATHS = (
					"$(inherited)",
					"@executable_path/Frameworks",
				);
				MARKETING_VERSION = 1.0;
				PRODUCT_BUNDLE_IDENTIFIER = com.shweta.MovieApp;
				PRODUCT_NAME = "$(TARGET_NAME)";
				SWIFT_EMIT_LOC_STRINGS = YES;
				SWIFT_VERSION = 5.0;
				TARGETED_DEVICE_FAMILY = "1,2";
			};
			name = Release;
		};
		04217EF129377AB700D18075 /* Debug */ = {
			isa = XCBuildConfiguration;
			buildSettings = {
				ALWAYS_EMBED_SWIFT_STANDARD_LIBRARIES = YES;
				BUNDLE_LOADER = "$(TEST_HOST)";
				CODE_SIGN_STYLE = Automatic;
				CURRENT_PROJECT_VERSION = 1;
				GENERATE_INFOPLIST_FILE = YES;
				IPHONEOS_DEPLOYMENT_TARGET = 15.2;
				MARKETING_VERSION = 1.0;
				PRODUCT_BUNDLE_IDENTIFIER = com.shweta.MovieAppTests;
				PRODUCT_NAME = "$(TARGET_NAME)";
				SWIFT_EMIT_LOC_STRINGS = NO;
				SWIFT_VERSION = 5.0;
				TARGETED_DEVICE_FAMILY = "1,2";
				TEST_HOST = "$(BUILT_PRODUCTS_DIR)/MovieApp.app/MovieApp";
			};
			name = Debug;
		};
		04217EF229377AB700D18075 /* Release */ = {
			isa = XCBuildConfiguration;
			buildSettings = {
				ALWAYS_EMBED_SWIFT_STANDARD_LIBRARIES = YES;
				BUNDLE_LOADER = "$(TEST_HOST)";
				CODE_SIGN_STYLE = Automatic;
				CURRENT_PROJECT_VERSION = 1;
				GENERATE_INFOPLIST_FILE = YES;
				IPHONEOS_DEPLOYMENT_TARGET = 15.2;
				MARKETING_VERSION = 1.0;
				PRODUCT_BUNDLE_IDENTIFIER = com.shweta.MovieAppTests;
				PRODUCT_NAME = "$(TARGET_NAME)";
				SWIFT_EMIT_LOC_STRINGS = NO;
				SWIFT_VERSION = 5.0;
				TARGETED_DEVICE_FAMILY = "1,2";
				TEST_HOST = "$(BUILT_PRODUCTS_DIR)/MovieApp.app/MovieApp";
			};
			name = Release;
		};
		04217EF429377AB700D18075 /* Debug */ = {
			isa = XCBuildConfiguration;
			buildSettings = {
				ALWAYS_EMBED_SWIFT_STANDARD_LIBRARIES = YES;
				CODE_SIGN_STYLE = Automatic;
				CURRENT_PROJECT_VERSION = 1;
				GENERATE_INFOPLIST_FILE = YES;
				MARKETING_VERSION = 1.0;
				PRODUCT_BUNDLE_IDENTIFIER = com.shweta.MovieAppUITests;
				PRODUCT_NAME = "$(TARGET_NAME)";
				SWIFT_EMIT_LOC_STRINGS = NO;
				SWIFT_VERSION = 5.0;
				TARGETED_DEVICE_FAMILY = "1,2";
				TEST_TARGET_NAME = MovieApp;
			};
			name = Debug;
		};
		04217EF529377AB700D18075 /* Release */ = {
			isa = XCBuildConfiguration;
			buildSettings = {
				ALWAYS_EMBED_SWIFT_STANDARD_LIBRARIES = YES;
				CODE_SIGN_STYLE = Automatic;
				CURRENT_PROJECT_VERSION = 1;
				GENERATE_INFOPLIST_FILE = YES;
				MARKETING_VERSION = 1.0;
				PRODUCT_BUNDLE_IDENTIFIER = com.shweta.MovieAppUITests;
				PRODUCT_NAME = "$(TARGET_NAME)";
				SWIFT_EMIT_LOC_STRINGS = NO;
				SWIFT_VERSION = 5.0;
				TARGETED_DEVICE_FAMILY = "1,2";
				TEST_TARGET_NAME = MovieApp;
			};
			name = Release;
		};
/* End XCBuildConfiguration section */

/* Begin XCConfigurationList section */
		04217EBB29377AB600D18075 /* Build configuration list for PBXProject "MovieApp" */ = {
			isa = XCConfigurationList;
			buildConfigurations = (
				04217EEB29377AB700D18075 /* Debug */,
				04217EEC29377AB700D18075 /* Release */,
			);
			defaultConfigurationIsVisible = 0;
			defaultConfigurationName = Release;
		};
		04217EED29377AB700D18075 /* Build configuration list for PBXNativeTarget "MovieApp" */ = {
			isa = XCConfigurationList;
			buildConfigurations = (
				04217EEE29377AB700D18075 /* Debug */,
				04217EEF29377AB700D18075 /* Release */,
			);
			defaultConfigurationIsVisible = 0;
			defaultConfigurationName = Release;
		};
		04217EF029377AB700D18075 /* Build configuration list for PBXNativeTarget "MovieAppTests" */ = {
			isa = XCConfigurationList;
			buildConfigurations = (
				04217EF129377AB700D18075 /* Debug */,
				04217EF229377AB700D18075 /* Release */,
			);
			defaultConfigurationIsVisible = 0;
			defaultConfigurationName = Release;
		};
		04217EF329377AB700D18075 /* Build configuration list for PBXNativeTarget "MovieAppUITests" */ = {
			isa = XCConfigurationList;
			buildConfigurations = (
				04217EF429377AB700D18075 /* Debug */,
				04217EF529377AB700D18075 /* Release */,
			);
			defaultConfigurationIsVisible = 0;
			defaultConfigurationName = Release;
		};
/* End XCConfigurationList section */

/* Begin XCVersionGroup section */
		04217ECC29377AB600D18075 /* MovieApp.xcdatamodeld */ = {
			isa = XCVersionGroup;
			children = (
				04217ECD29377AB600D18075 /* MovieApp.xcdatamodel */,
			);
			currentVersion = 04217ECD29377AB600D18075 /* MovieApp.xcdatamodel */;
			path = MovieApp.xcdatamodeld;
			sourceTree = "<group>";
			versionGroupType = wrapper.xcdatamodel;
		};
/* End XCVersionGroup section */
	};
	rootObject = 04217EB829377AB600D18075 /* Project object */;
}
